
Microsoft Visual Studio Solution File, Format Version 12.00
# Visual Studio Version 17
VisualStudioVersion = 17.0.31903.59
MinimumVisualStudioVersion = 10.0.40219.1
Project("{2150E333-8FDC-42A3-9474-1A3956D46DE8}") = "src", "src", "{3BE785FC-6FAA-4508-A0A4-6CD4881846AB}"
EndProject
Project("{2150E333-8FDC-42A3-9474-1A3956D46DE8}") = "Migrations", "Migrations", "{B56051FE-06C1-4230-92B5-79C31E788591}"
EndProject
Project("{FAE04EC0-301F-11D3-BF4B-00C04F79EFBC}") = "Manoksha.Migrations", "src\Migrations\Manoksha.Migrations\Manoksha.Migrations.csproj", "{5759506E-0365-4F33-B7DC-B442B34800C5}"
EndProject
Project("{2150E333-8FDC-42A3-9474-1A3956D46DE8}") = "BuildingBlocks", "BuildingBlocks", "{64F39BBA-90AA-4CBB-A7C9-2D6228DD67A1}"
EndProject
Project("{FAE04EC0-301F-11D3-BF4B-00C04F79EFBC}") = "Manoksha.Application", "src\BuildingBlocks\Manoksha.Application\Manoksha.Application.csproj", "{52F00048-1C31-4212-BC3E-C17BF4BFDCA1}"
EndProject
Project("{FAE04EC0-301F-11D3-BF4B-00C04F79EFBC}") = "Manoksha.Persistence", "src\BuildingBlocks\Manoksha.Persistence\Manoksha.Persistence.csproj", "{4828AE42-BEF4-474E-B459-CCEBFA49072F}"
EndProject
Project("{FAE04EC0-301F-11D3-BF4B-00C04F79EFBC}") = "Manoksha.SharedKernel", "src\BuildingBlocks\Manoksha.SharedKernel\Manoksha.SharedKernel.csproj", "{A9C4C739-7557-4274-85C8-D10E1791523F}"
EndProject
Project("{2150E333-8FDC-42A3-9474-1A3956D46DE8}") = "Integrations", "Integrations", "{379543E7-311A-4C54-A538-FCD2F5F4886E}"
EndProject
Project("{FAE04EC0-301F-11D3-BF4B-00C04F79EFBC}") = "Manoksha.Integrations", "src\Integrations\Manoksha.Integrations\Manoksha.Integrations.csproj", "{2207D049-EA47-40E0-AA49-8F115375B6E5}"
EndProject
Project("{2150E333-8FDC-42A3-9474-1A3956D46DE8}") = "Hosts", "Hosts", "{7D48270D-E1ED-4BA6-9D56-37928E8EB34A}"
EndProject
Project("{FAE04EC0-301F-11D3-BF4B-00C04F79EFBC}") = "Manoksha.Worker", "src\Hosts\Manoksha.Worker\Manoksha.Worker.csproj", "{959AF0DD-1A04-48C3-A52A-0A2577E2F668}"
EndProject
Project("{FAE04EC0-301F-11D3-BF4B-00C04F79EFBC}") = "Manoksha.Hosting", "src\Hosts\Manoksha.Hosting\Manoksha.Hosting.csproj", "{5B3ADE80-240F-4F84-A38F-0D9BB4A7F9CA}"
EndProject
Project("{FAE04EC0-301F-11D3-BF4B-00C04F79EFBC}") = "Manoksha.Api", "src\Hosts\Manoksha.Api\Manoksha.Api.csproj", "{7A66F2ED-9F94-487D-A06D-DDF77E23224C}"
EndProject
Project("{2150E333-8FDC-42A3-9474-1A3956D46DE8}") = "Modules", "Modules", "{04195A6E-0B7D-4FD8-8358-68AA06D35B2D}"
EndProject
Project("{FAE04EC0-301F-11D3-BF4B-00C04F79EFBC}") = "Manoksha.Modules.Audit", "src\Modules\Manoksha.Modules.Audit\Manoksha.Modules.Audit.csproj", "{FB78D90A-C028-4503-8D4D-BEE98FACD7D1}"
EndProject
Project("{FAE04EC0-301F-11D3-BF4B-00C04F79EFBC}") = "Manoksha.Modules.Settings", "src\Modules\Manoksha.Modules.Settings\Manoksha.Modules.Settings.csproj", "{1667B93D-A8AD-4FB5-B2FB-73A635B58CCE}"
EndProject
Project("{FAE04EC0-301F-11D3-BF4B-00C04F79EFBC}") = "Manoksha.Modules.Identity", "src\Modules\Manoksha.Modules.Identity\Manoksha.Modules.Identity.csproj", "{A36D3547-2C35-4BD7-BC10-FA6BC2749ED5}"
EndProject
Project("{2150E333-8FDC-42A3-9474-1A3956D46DE8}") = "tests", "tests", "{856392B2-EFE0-4B85-8771-27062C525DE7}"
EndProject
Project("{FAE04EC0-301F-11D3-BF4B-00C04F79EFBC}") = "Manoksha.ArchitectureTests", "tests\Manoksha.ArchitectureTests\Manoksha.ArchitectureTests.csproj", "{04BD787B-1B76-4C31-BC8E-4965792A6BDB}"
EndProject
Project("{FAE04EC0-301F-11D3-BF4B-00C04F79EFBC}") = "Manoksha.IntegrationTests", "tests\Manoksha.IntegrationTests\Manoksha.IntegrationTests.csproj", "{8B685E25-2BEE-411B-92F2-9ECC6B469E17}"
EndProject
Project("{FAE04EC0-301F-11D3-BF4B-00C04F79EFBC}") = "Manoksha.UnitTests", "tests\Manoksha.UnitTests\Manoksha.UnitTests.csproj", "{DC88AFD4-5AA1-423B-8708-510748569926}"
EndProject
Project("{FAE04EC0-301F-11D3-BF4B-00C04F79EFBC}") = "Manoksha.Modules.Branches", "src\Modules\Manoksha.Modules.Branches\Manoksha.Modules.Branches.csproj", "{E3C28342-0E32-4366-BEDE-F8483B0CFEE9}"
EndProject
Project("{FAE04EC0-301F-11D3-BF4B-00C04F79EFBC}") = "Manoksha.Modules.Employees", "src\Modules\Manoksha.Modules.Employees\Manoksha.Modules.Employees.csproj", "{35354B03-1B67-4B89-9B18-B79AD2D0D6EC}"
EndProject
Project("{FAE04EC0-301F-11D3-BF4B-00C04F79EFBC}") = "Manoksha.Modules.Catalog", "src\Modules\Manoksha.Modules.Catalog\Manoksha.Modules.Catalog.csproj", "{A4EDB310-53DF-4C75-9319-D1C809C1625A}"
EndProject
Project("{FAE04EC0-301F-11D3-BF4B-00C04F79EFBC}") = "Manoksha.Modules.Inventory", "src\Modules\Manoksha.Modules.Inventory\Manoksha.Modules.Inventory.csproj", "{1EDB744E-83A8-443C-9EF9-6AD59D94F1AA}"
EndProject
Project("{FAE04EC0-301F-11D3-BF4B-00C04F79EFBC}") = "Manoksha.Modules.Purchasing", "src\Modules\Manoksha.Modules.Purchasing\Manoksha.Modules.Purchasing.csproj", "{84A3113E-55C5-4255-8E16-49DA42CA9373}"
EndProject
Project("{FAE04EC0-301F-11D3-BF4B-00C04F79EFBC}") = "Manoksha.Modules.Wallet", "src\Modules\Manoksha.Modules.Wallet\Manoksha.Modules.Wallet.csproj", "{F6F9EE12-5871-4617-932E-B08A2CB77ABE}"
EndProject
Project("{FAE04EC0-301F-11D3-BF4B-00C04F79EFBC}") = "Manoksha.Modules.Resellers", "src\Modules\Manoksha.Modules.Resellers\Manoksha.Modules.Resellers.csproj", "{203C67B7-80C3-4F2B-BBFC-E194E57EA863}"
EndProject
Project("{FAE04EC0-301F-11D3-BF4B-00C04F79EFBC}") = "Manoksha.Modules.Pricing", "src\Modules\Manoksha.Modules.Pricing\Manoksha.Modules.Pricing.csproj", "{61E44CCB-D747-48CF-A2EA-224107919B31}"
EndProject
Project("{FAE04EC0-301F-11D3-BF4B-00C04F79EFBC}") = "Manoksha.Modules.Orders", "src\Modules\Manoksha.Modules.Orders\Manoksha.Modules.Orders.csproj", "{564D56EC-B8B4-457D-94FD-B11306488392}"
EndProject
Global
	GlobalSection(SolutionConfigurationPlatforms) = preSolution
		Debug|Any CPU = Debug|Any CPU
		Release|Any CPU = Release|Any CPU
	EndGlobalSection
	GlobalSection(SolutionProperties) = preSolution
		HideSolutionNode = FALSE
	EndGlobalSection
	GlobalSection(ProjectConfigurationPlatforms) = postSolution
		{5759506E-0365-4F33-B7DC-B442B34800C5}.Debug|Any CPU.ActiveCfg = Debug|Any CPU
		{5759506E-0365-4F33-B7DC-B442B34800C5}.Debug|Any CPU.Build.0 = Debug|Any CPU
		{5759506E-0365-4F33-B7DC-B442B34800C5}.Release|Any CPU.ActiveCfg = Release|Any CPU
		{5759506E-0365-4F33-B7DC-B442B34800C5}.Release|Any CPU.Build.0 = Release|Any CPU
		{52F00048-1C31-4212-BC3E-C17BF4BFDCA1}.Debug|Any CPU.ActiveCfg = Debug|Any CPU
		{52F00048-1C31-4212-BC3E-C17BF4BFDCA1}.Debug|Any CPU.Build.0 = Debug|Any CPU
		{52F00048-1C31-4212-BC3E-C17BF4BFDCA1}.Release|Any CPU.ActiveCfg = Release|Any CPU
		{52F00048-1C31-4212-BC3E-C17BF4BFDCA1}.Release|Any CPU.Build.0 = Release|Any CPU
		{4828AE42-BEF4-474E-B459-CCEBFA49072F}.Debug|Any CPU.ActiveCfg = Debug|Any CPU
		{4828AE42-BEF4-474E-B459-CCEBFA49072F}.Debug|Any CPU.Build.0 = Debug|Any CPU
		{4828AE42-BEF4-474E-B459-CCEBFA49072F}.Release|Any CPU.ActiveCfg = Release|Any CPU
		{4828AE42-BEF4-474E-B459-CCEBFA49072F}.Release|Any CPU.Build.0 = Release|Any CPU
		{A9C4C739-7557-4274-85C8-D10E1791523F}.Debug|Any CPU.ActiveCfg = Debug|Any CPU
		{A9C4C739-7557-4274-85C8-D10E1791523F}.Debug|Any CPU.Build.0 = Debug|Any CPU
		{A9C4C739-7557-4274-85C8-D10E1791523F}.Release|Any CPU.ActiveCfg = Release|Any CPU
		{A9C4C739-7557-4274-85C8-D10E1791523F}.Release|Any CPU.Build.0 = Release|Any CPU
		{2207D049-EA47-40E0-AA49-8F115375B6E5}.Debug|Any CPU.ActiveCfg = Debug|Any CPU
		{2207D049-EA47-40E0-AA49-8F115375B6E5}.Debug|Any CPU.Build.0 = Debug|Any CPU
		{2207D049-EA47-40E0-AA49-8F115375B6E5}.Release|Any CPU.ActiveCfg = Release|Any CPU
		{2207D049-EA47-40E0-AA49-8F115375B6E5}.Release|Any CPU.Build.0 = Release|Any CPU
		{959AF0DD-1A04-48C3-A52A-0A2577E2F668}.Debug|Any CPU.ActiveCfg = Debug|Any CPU
		{959AF0DD-1A04-48C3-A52A-0A2577E2F668}.Debug|Any CPU.Build.0 = Debug|Any CPU
		{959AF0DD-1A04-48C3-A52A-0A2577E2F668}.Release|Any CPU.ActiveCfg = Release|Any CPU
		{959AF0DD-1A04-48C3-A52A-0A2577E2F668}.Release|Any CPU.Build.0 = Release|Any CPU
		{5B3ADE80-240F-4F84-A38F-0D9BB4A7F9CA}.Debug|Any CPU.ActiveCfg = Debug|Any CPU
		{5B3ADE80-240F-4F84-A38F-0D9BB4A7F9CA}.Debug|Any CPU.Build.0 = Debug|Any CPU
		{5B3ADE80-240F-4F84-A38F-0D9BB4A7F9CA}.Release|Any CPU.ActiveCfg = Release|Any CPU
		{5B3ADE80-240F-4F84-A38F-0D9BB4A7F9CA}.Release|Any CPU.Build.0 = Release|Any CPU
		{7A66F2ED-9F94-487D-A06D-DDF77E23224C}.Debug|Any CPU.ActiveCfg = Debug|Any CPU
		{7A66F2ED-9F94-487D-A06D-DDF77E23224C}.Debug|Any CPU.Build.0 = Debug|Any CPU
		{7A66F2ED-9F94-487D-A06D-DDF77E23224C}.Release|Any CPU.ActiveCfg = Release|Any CPU
		{7A66F2ED-9F94-487D-A06D-DDF77E23224C}.Release|Any CPU.Build.0 = Release|Any CPU
		{FB78D90A-C028-4503-8D4D-BEE98FACD7D1}.Debug|Any CPU.ActiveCfg = Debug|Any CPU
		{FB78D90A-C028-4503-8D4D-BEE98FACD7D1}.Debug|Any CPU.Build.0 = Debug|Any CPU
		{FB78D90A-C028-4503-8D4D-BEE98FACD7D1}.Release|Any CPU.ActiveCfg = Release|Any CPU
		{FB78D90A-C028-4503-8D4D-BEE98FACD7D1}.Release|Any CPU.Build.0 = Release|Any CPU
		{1667B93D-A8AD-4FB5-B2FB-73A635B58CCE}.Debug|Any CPU.ActiveCfg = Debug|Any CPU
		{1667B93D-A8AD-4FB5-B2FB-73A635B58CCE}.Debug|Any CPU.Build.0 = Debug|Any CPU
		{1667B93D-A8AD-4FB5-B2FB-73A635B58CCE}.Release|Any CPU.ActiveCfg = Release|Any CPU
		{1667B93D-A8AD-4FB5-B2FB-73A635B58CCE}.Release|Any CPU.Build.0 = Release|Any CPU
		{A36D3547-2C35-4BD7-BC10-FA6BC2749ED5}.Debug|Any CPU.ActiveCfg = Debug|Any CPU
		{A36D3547-2C35-4BD7-BC10-FA6BC2749ED5}.Debug|Any CPU.Build.0 = Debug|Any CPU
		{A36D3547-2C35-4BD7-BC10-FA6BC2749ED5}.Release|Any CPU.ActiveCfg = Release|Any CPU
		{A36D3547-2C35-4BD7-BC10-FA6BC2749ED5}.Release|Any CPU.Build.0 = Release|Any CPU
		{04BD787B-1B76-4C31-BC8E-4965792A6BDB}.Debug|Any CPU.ActiveCfg = Debug|Any CPU
		{04BD787B-1B76-4C31-BC8E-4965792A6BDB}.Debug|Any CPU.Build.0 = Debug|Any CPU
		{04BD787B-1B76-4C31-BC8E-4965792A6BDB}.Release|Any CPU.ActiveCfg = Release|Any CPU
		{04BD787B-1B76-4C31-BC8E-4965792A6BDB}.Release|Any CPU.Build.0 = Release|Any CPU
		{8B685E25-2BEE-411B-92F2-9ECC6B469E17}.Debug|Any CPU.ActiveCfg = Debug|Any CPU
		{8B685E25-2BEE-411B-92F2-9ECC6B469E17}.Debug|Any CPU.Build.0 = Debug|Any CPU
		{8B685E25-2BEE-411B-92F2-9ECC6B469E17}.Release|Any CPU.ActiveCfg = Release|Any CPU
		{8B685E25-2BEE-411B-92F2-9ECC6B469E17}.Release|Any CPU.Build.0 = Release|Any CPU
		{DC88AFD4-5AA1-423B-8708-510748569926}.Debug|Any CPU.ActiveCfg = Debug|Any CPU
		{DC88AFD4-5AA1-423B-8708-510748569926}.Debug|Any CPU.Build.0 = Debug|Any CPU
		{DC88AFD4-5AA1-423B-8708-510748569926}.Release|Any CPU.ActiveCfg = Release|Any CPU
		{DC88AFD4-5AA1-423B-8708-510748569926}.Release|Any CPU.Build.0 = Release|Any CPU
		{E3C28342-0E32-4366-BEDE-F8483B0CFEE9}.Debug|Any CPU.ActiveCfg = Debug|Any CPU
		{E3C28342-0E32-4366-BEDE-F8483B0CFEE9}.Debug|Any CPU.Build.0 = Debug|Any CPU
		{E3C28342-0E32-4366-BEDE-F8483B0CFEE9}.Release|Any CPU.ActiveCfg = Release|Any CPU
		{E3C28342-0E32-4366-BEDE-F8483B0CFEE9}.Release|Any CPU.Build.0 = Release|Any CPU
		{35354B03-1B67-4B89-9B18-B79AD2D0D6EC}.Debug|Any CPU.ActiveCfg = Debug|Any CPU
		{35354B03-1B67-4B89-9B18-B79AD2D0D6EC}.Debug|Any CPU.Build.0 = Debug|Any CPU
		{35354B03-1B67-4B89-9B18-B79AD2D0D6EC}.Release|Any CPU.ActiveCfg = Release|Any CPU
		{35354B03-1B67-4B89-9B18-B79AD2D0D6EC}.Release|Any CPU.Build.0 = Release|Any CPU
		{A4EDB310-53DF-4C75-9319-D1C809C1625A}.Debug|Any CPU.ActiveCfg = Debug|Any CPU
		{A4EDB310-53DF-4C75-9319-D1C809C1625A}.Debug|Any CPU.Build.0 = Debug|Any CPU
		{A4EDB310-53DF-4C75-9319-D1C809C1625A}.Release|Any CPU.ActiveCfg = Release|Any CPU
		{A4EDB310-53DF-4C75-9319-D1C809C1625A}.Release|Any CPU.Build.0 = Release|Any CPU
		{1EDB744E-83A8-443C-9EF9-6AD59D94F1AA}.Debug|Any CPU.ActiveCfg = Debug|Any CPU
		{1EDB744E-83A8-443C-9EF9-6AD59D94F1AA}.Debug|Any CPU.Build.0 = Debug|Any CPU
		{1EDB744E-83A8-443C-9EF9-6AD59D94F1AA}.Release|Any CPU.ActiveCfg = Release|Any CPU
		{1EDB744E-83A8-443C-9EF9-6AD59D94F1AA}.Release|Any CPU.Build.0 = Release|Any CPU
		{84A3113E-55C5-4255-8E16-49DA42CA9373}.Debug|Any CPU.ActiveCfg = Debug|Any CPU
		{84A3113E-55C5-4255-8E16-49DA42CA9373}.Debug|Any CPU.Build.0 = Debug|Any CPU
		{84A3113E-55C5-4255-8E16-49DA42CA9373}.Release|Any CPU.ActiveCfg = Release|Any CPU
		{84A3113E-55C5-4255-8E16-49DA42CA9373}.Release|Any CPU.Build.0 = Release|Any CPU
		{F6F9EE12-5871-4617-932E-B08A2CB77ABE}.Debug|Any CPU.ActiveCfg = Debug|Any CPU
		{F6F9EE12-5871-4617-932E-B08A2CB77ABE}.Debug|Any CPU.Build.0 = Debug|Any CPU
		{F6F9EE12-5871-4617-932E-B08A2CB77ABE}.Release|Any CPU.ActiveCfg = Release|Any CPU
		{F6F9EE12-5871-4617-932E-B08A2CB77ABE}.Release|Any CPU.Build.0 = Release|Any CPU
		{203C67B7-80C3-4F2B-BBFC-E194E57EA863}.Debug|Any CPU.ActiveCfg = Debug|Any CPU
		{203C67B7-80C3-4F2B-BBFC-E194E57EA863}.Debug|Any CPU.Build.0 = Debug|Any CPU
		{203C67B7-80C3-4F2B-BBFC-E194E57EA863}.Release|Any CPU.ActiveCfg = Release|Any CPU
		{203C67B7-80C3-4F2B-BBFC-E194E57EA863}.Release|Any CPU.Build.0 = Release|Any CPU
		{61E44CCB-D747-48CF-A2EA-224107919B31}.Debug|Any CPU.ActiveCfg = Debug|Any CPU
		{61E44CCB-D747-48CF-A2EA-224107919B31}.Debug|Any CPU.Build.0 = Debug|Any CPU
		{61E44CCB-D747-48CF-A2EA-224107919B31}.Release|Any CPU.ActiveCfg = Release|Any CPU
		{61E44CCB-D747-48CF-A2EA-224107919B31}.Release|Any CPU.Build.0 = Release|Any CPU
		{564D56EC-B8B4-457D-94FD-B11306488392}.Debug|Any CPU.ActiveCfg = Debug|Any CPU
		{564D56EC-B8B4-457D-94FD-B11306488392}.Debug|Any CPU.Build.0 = Debug|Any CPU
		{564D56EC-B8B4-457D-94FD-B11306488392}.Release|Any CPU.ActiveCfg = Release|Any CPU
		{564D56EC-B8B4-457D-94FD-B11306488392}.Release|Any CPU.Build.0 = Release|Any CPU
	EndGlobalSection
	GlobalSection(NestedProjects) = preSolution
		{B56051FE-06C1-4230-92B5-79C31E788591} = {3BE785FC-6FAA-4508-A0A4-6CD4881846AB}
		{5759506E-0365-4F33-B7DC-B442B34800C5} = {B56051FE-06C1-4230-92B5-79C31E788591}
		{64F39BBA-90AA-4CBB-A7C9-2D6228DD67A1} = {3BE785FC-6FAA-4508-A0A4-6CD4881846AB}
		{52F00048-1C31-4212-BC3E-C17BF4BFDCA1} = {64F39BBA-90AA-4CBB-A7C9-2D6228DD67A1}
		{4828AE42-BEF4-474E-B459-CCEBFA49072F} = {64F39BBA-90AA-4CBB-A7C9-2D6228DD67A1}
		{A9C4C739-7557-4274-85C8-D10E1791523F} = {64F39BBA-90AA-4CBB-A7C9-2D6228DD67A1}
		{379543E7-311A-4C54-A538-FCD2F5F4886E} = {3BE785FC-6FAA-4508-A0A4-6CD4881846AB}
		{2207D049-EA47-40E0-AA49-8F115375B6E5} = {379543E7-311A-4C54-A538-FCD2F5F4886E}
		{7D48270D-E1ED-4BA6-9D56-37928E8EB34A} = {3BE785FC-6FAA-4508-A0A4-6CD4881846AB}
		{959AF0DD-1A04-48C3-A52A-0A2577E2F668} = {7D48270D-E1ED-4BA6-9D56-37928E8EB34A}
		{5B3ADE80-240F-4F84-A38F-0D9BB4A7F9CA} = {7D48270D-E1ED-4BA6-9D56-37928E8EB34A}
		{7A66F2ED-9F94-487D-A06D-DDF77E23224C} = {7D48270D-E1ED-4BA6-9D56-37928E8EB34A}
		{04195A6E-0B7D-4FD8-8358-68AA06D35B2D} = {3BE785FC-6FAA-4508-A0A4-6CD4881846AB}
		{FB78D90A-C028-4503-8D4D-BEE98FACD7D1} = {04195A6E-0B7D-4FD8-8358-68AA06D35B2D}
		{1667B93D-A8AD-4FB5-B2FB-73A635B58CCE} = {04195A6E-0B7D-4FD8-8358-68AA06D35B2D}
		{A36D3547-2C35-4BD7-BC10-FA6BC2749ED5} = {04195A6E-0B7D-4FD8-8358-68AA06D35B2D}
		{04BD787B-1B76-4C31-BC8E-4965792A6BDB} = {856392B2-EFE0-4B85-8771-27062C525DE7}
		{8B685E25-2BEE-411B-92F2-9ECC6B469E17} = {856392B2-EFE0-4B85-8771-27062C525DE7}
		{DC88AFD4-5AA1-423B-8708-510748569926} = {856392B2-EFE0-4B85-8771-27062C525DE7}
		{E3C28342-0E32-4366-BEDE-F8483B0CFEE9} = {04195A6E-0B7D-4FD8-8358-68AA06D35B2D}
		{35354B03-1B67-4B89-9B18-B79AD2D0D6EC} = {04195A6E-0B7D-4FD8-8358-68AA06D35B2D}
		{A4EDB310-53DF-4C75-9319-D1C809C1625A} = {04195A6E-0B7D-4FD8-8358-68AA06D35B2D}
		{1EDB744E-83A8-443C-9EF9-6AD59D94F1AA} = {04195A6E-0B7D-4FD8-8358-68AA06D35B2D}
		{84A3113E-55C5-4255-8E16-49DA42CA9373} = {04195A6E-0B7D-4FD8-8358-68AA06D35B2D}
		{F6F9EE12-5871-4617-932E-B08A2CB77ABE} = {04195A6E-0B7D-4FD8-8358-68AA06D35B2D}
		{203C67B7-80C3-4F2B-BBFC-E194E57EA863} = {04195A6E-0B7D-4FD8-8358-68AA06D35B2D}
		{61E44CCB-D747-48CF-A2EA-224107919B31} = {04195A6E-0B7D-4FD8-8358-68AA06D35B2D}
		{564D56EC-B8B4-457D-94FD-B11306488392} = {04195A6E-0B7D-4FD8-8358-68AA06D35B2D}
	EndGlobalSection
EndGlobal
